
Microsoft Visual Studio Solution File, Format Version 12.00
# Visual Studio Version 16
VisualStudioVersion = 16.0.31613.86
MinimumVisualStudioVersion = 10.0.40219.1
Project("{9A19103F-16F7-4668-BE54-9A1E7A4F7556}") = "identity", "identity\identity.csproj", "{4FF97206-1658-4723-AEA1-13154B1039D5}"
EndProject
Project("{9A19103F-16F7-4668-BE54-9A1E7A4F7556}") = "PersianTranslation", "PersianTranslation\PersianTranslation.csproj", "{8485EBEF-AFEB-468A-8CA5-08AA01BD23E2}"
EndProject
Global
	GlobalSection(SolutionConfigurationPlatforms) = preSolution
		Debug|Any CPU = Debug|Any CPU
		Release|Any CPU = Release|Any CPU
	EndGlobalSection
	GlobalSection(ProjectConfigurationPlatforms) = postSolution
		{4FF97206-1658-4723-AEA1-13154B1039D5}.Debug|Any CPU.ActiveCfg = Debug|Any CPU
		{4FF97206-1658-4723-AEA1-13154B1039D5}.Debug|Any CPU.Build.0 = Debug|Any CPU
		{4FF97206-1658-4723-AEA1-13154B1039D5}.Release|Any CPU.ActiveCfg = Release|Any CPU
		{4FF97206-1658-4723-AEA1-13154B1039D5}.Release|Any CPU.Build.0 = Release|Any CPU
		{8485EBEF-AFEB-468A-8CA5-08AA01BD23E2}.Debug|Any CPU.ActiveCfg = Debug|Any CPU
		{8485EBEF-AFEB-468A-8CA5-08AA01BD23E2}.Debug|Any CPU.Build.0 = Debug|Any CPU
		{8485EBEF-AFEB-468A-8CA5-08AA01BD23E2}.Release|Any CPU.ActiveCfg = Release|Any CPU
		{8485EBEF-AFEB-468A-8CA5-08AA01BD23E2}.Release|Any CPU.Build.0 = Release|Any CPU
	EndGlobalSection
	GlobalSection(SolutionProperties) = preSolution
		HideSolutionNode = FALSE
	EndGlobalSection
	GlobalSection(ExtensibilityGlobals) = postSolution
		SolutionGuid = {587C970F-80C2-4E23-BD26-43A9E29EAEF5}
	EndGlobalSection
EndGlobal
